
Microsoft Visual Studio Solution File, Format Version 12.00
Project("{FAE04EC0-301F-11D3-BF4B-00C04F79EFBC}") = "leetCodeChallenge.test", "leetCodeChallenge.test\leetCodeChallenge.test.csproj", "{0A98313A-87BB-47EC-9A4E-A93DAA7465BE}"
EndProject
Global
	GlobalSection(SolutionConfigurationPlatforms) = preSolution
		Debug|Any CPU = Debug|Any CPU
		Release|Any CPU = Release|Any CPU
	EndGlobalSection
	GlobalSection(ProjectConfigurationPlatforms) = postSolution
		{0A98313A-87BB-47EC-9A4E-A93DAA7465BE}.Debug|Any CPU.ActiveCfg = Debug|Any CPU
		{0A98313A-87BB-47EC-9A4E-A93DAA7465BE}.Debug|Any CPU.Build.0 = Debug|Any CPU
		{0A98313A-87BB-47EC-9A4E-A93DAA7465BE}.Release|Any CPU.ActiveCfg = Release|Any CPU
		{0A98313A-87BB-47EC-9A4E-A93DAA7465BE}.Release|Any CPU.Build.0 = Release|Any CPU
	EndGlobalSection
EndGlobal
